# THIS IS AN AUTOGENERATED FILE. DO NOT EDIT THIS FILE DIRECTLY.
# yarn lockfile v1


abab@^1.0.0:
  version "1.0.3"
  resolved "http://registry.npm.taobao.org/abab/download/abab-1.0.3.tgz#b81de5f7274ec4e756d797cd834f303642724e5d"

acorn-globals@^1.0.4:
  version "1.0.9"
  resolved "http://registry.npm.taobao.org/acorn-globals/download/acorn-globals-1.0.9.tgz#55bb5e98691507b74579d0513413217c380c54cf"
  dependencies:
    acorn "^2.1.0"

acorn@^2.1.0, acorn@^2.4.0:
  version "2.7.0"
  resolved "http://registry.npm.taobao.org/acorn/download/acorn-2.7.0.tgz#ab6e7d9d886aaca8b085bc3312b79a198433f0e7"

ajv@^4.9.1:
  version "4.11.4"
  resolved "http://registry.npm.taobao.org/ajv/download/ajv-4.11.4.tgz#ebf3a55d4b132ea60ff5847ae85d2ef069960b45"
  dependencies:
    co "^4.6.0"
    json-stable-stringify "^1.0.1"

amdefine@>=0.0.4:
  version "1.0.1"
  resolved "http://registry.npm.taobao.org/amdefine/download/amdefine-1.0.1.tgz#4a5282ac164729e93619bcfd3ad151f817ce91f5"

ansi-regex@^2.0.0:
  version "2.1.1"
  resolved "http://registry.npm.taobao.org/ansi-regex/download/ansi-regex-2.1.1.tgz#c3b33ab5ee360d86e0e628f0468ae7ef27d654df"

ansi-styles@^2.2.1:
  version "2.2.1"
  resolved "http://registry.npm.taobao.org/ansi-styles/download/ansi-styles-2.2.1.tgz#b432dd3358b634cf75e1e4664368240533c1ddbe"

argparse@^1.0.7:
  version "1.0.9"
  resolved "http://registry.npm.taobao.org/argparse/download/argparse-1.0.9.tgz#73d83bc263f86e97f8cc4f6bae1b0e90a7d22c86"
  dependencies:
    sprintf-js "~1.0.2"

array-equal@^1.0.0:
  version "1.0.0"
  resolved "http://registry.npm.taobao.org/array-equal/download/array-equal-1.0.0.tgz#8c2a5ef2472fd9ea742b04c77a75093ba2757c93"

asn1@~0.2.3:
  version "0.2.3"
  resolved "http://registry.npm.taobao.org/asn1/download/asn1-0.2.3.tgz#dac8787713c9966849fc8180777ebe9c1ddf3b86"

assert-plus@^0.2.0:
  version "0.2.0"
  resolved "http://registry.npm.taobao.org/assert-plus/download/assert-plus-0.2.0.tgz#d74e1b87e7affc0db8aadb7021f3fe48101ab234"

assert-plus@^1.0.0:
  version "1.0.0"
  resolved "http://registry.npm.taobao.org/assert-plus/download/assert-plus-1.0.0.tgz#f12e0f3c5d77b0b1cdd9146942e4e96c1e4dd525"

asynckit@^0.4.0:
  version "0.4.0"
  resolved "http://registry.npm.taobao.org/asynckit/download/asynckit-0.4.0.tgz#c79ed97f7f34cb8f2ba1bc9790bcc366474b4b79"

aws-sign2@~0.6.0:
  version "0.6.0"
  resolved "http://registry.npm.taobao.org/aws-sign2/download/aws-sign2-0.6.0.tgz#14342dd38dbcc94d0e5b87d763cd63612c0e794f"

aws4@^1.2.1:
  version "1.6.0"
  resolved "http://registry.npm.taobao.org/aws4/download/aws4-1.6.0.tgz#83ef5ca860b2b32e4a0deedee8c771b9db57471e"

bcrypt-pbkdf@^1.0.0:
  version "1.0.1"
  resolved "http://registry.npm.taobao.org/bcrypt-pbkdf/download/bcrypt-pbkdf-1.0.1.tgz#63bc5dcb61331b92bc05fd528953c33462a06f8d"
  dependencies:
    tweetnacl "^0.14.3"

boom@2.x.x:
  version "2.10.1"
  resolved "http://registry.npm.taobao.org/boom/download/boom-2.10.1.tgz#39c8918ceff5799f83f9492a848f625add0c766f"
  dependencies:
    hoek "2.x.x"

builtin-modules@^1.0.0:
  version "1.1.1"
  resolved "http://registry.npm.taobao.org/builtin-modules/download/builtin-modules-1.1.1.tgz#270f076c5a72c02f5b65a47df94c5fe3a278892f"

camelcase@^3.0.0:
  version "3.0.0"
  resolved "http://registry.npm.taobao.org/camelcase/download/camelcase-3.0.0.tgz#32fc4b9fcdaf845fcdf7e73bb97cac2261f0ab0a"

caseless@~0.11.0:
  version "0.11.0"
  resolved "http://registry.npm.taobao.org/caseless/download/caseless-0.11.0.tgz#715b96ea9841593cc33067923f5ec60ebda4f7d7"

caseless@~0.12.0:
  version "0.12.0"
  resolved "http://registry.npm.taobao.org/caseless/download/caseless-0.12.0.tgz#1b681c21ff84033c826543090689420d187151dc"

chalk@^1.1.1:
  version "1.1.3"
  resolved "http://registry.npm.taobao.org/chalk/download/chalk-1.1.3.tgz#a8115c55e4a702fe4d150abd3872822a7e09fc98"
  dependencies:
    ansi-styles "^2.2.1"
    escape-string-regexp "^1.0.2"
    has-ansi "^2.0.0"
    strip-ansi "^3.0.0"
    supports-color "^2.0.0"

cliui@^3.2.0:
  version "3.2.0"
  resolved "http://registry.npm.taobao.org/cliui/download/cliui-3.2.0.tgz#120601537a916d29940f934da3b48d585a39213d"
  dependencies:
    string-width "^1.0.1"
    strip-ansi "^3.0.1"
    wrap-ansi "^2.0.0"

co@^4.6.0:
  version "4.6.0"
  resolved "http://registry.npm.taobao.org/co/download/co-4.6.0.tgz#6ea6bdf3d853ae54ccb8e47bfa0bf3f9031fb184"

code-point-at@^1.0.0:
  version "1.1.0"
  resolved "http://registry.npm.taobao.org/code-point-at/download/code-point-at-1.1.0.tgz#0d070b4d043a5bea33a2f1a40e2edb3d9a4ccf77"

combined-stream@^1.0.5, combined-stream@~1.0.5:
  version "1.0.5"
  resolved "http://registry.npm.taobao.org/combined-stream/download/combined-stream-1.0.5.tgz#938370a57b4a51dea2c77c15d5c5fdf895164009"
  dependencies:
    delayed-stream "~1.0.0"

commander@2, commander@^2.9.0:
  version "2.9.0"
  resolved "http://registry.npm.taobao.org/commander/download/commander-2.9.0.tgz#9c99094176e12240cb22d6c5146098400fe0f7d4"
  dependencies:
    graceful-readlink ">= 1.0.0"

concat-stream@1.5.0:
  version "1.5.0"
  resolved "http://registry.npm.taobao.org/concat-stream/download/concat-stream-1.5.0.tgz#53f7d43c51c5e43f81c8fdd03321c631be68d611"
  dependencies:
    inherits "~2.0.1"
    readable-stream "~2.0.0"
    typedarray "~0.0.5"

core-util-is@~1.0.0:
  version "1.0.2"
  resolved "http://registry.npm.taobao.org/core-util-is/download/core-util-is-1.0.2.tgz#b5fd54220aa2bc5ab57aab7140c940754503c1a7"

cryptiles@2.x.x:
  version "2.0.5"
  resolved "http://registry.npm.taobao.org/cryptiles/download/cryptiles-2.0.5.tgz#3bdfecdc608147c1c67202fa291e7dca59eaa3b8"
  dependencies:
    boom "2.x.x"

cssom@0.3.x, "cssom@>= 0.3.0 < 0.4.0":
  version "0.3.2"
  resolved "http://registry.npm.taobao.org/cssom/download/cssom-0.3.2.tgz#b8036170c79f07a90ff2f16e22284027a243848b"

"cssstyle@>= 0.2.36 < 0.3.0":
  version "0.2.37"
  resolved "http://registry.npm.taobao.org/cssstyle/download/cssstyle-0.2.37.tgz#541097234cb2513c83ceed3acddc27ff27987d54"
  dependencies:
    cssom "0.3.x"

d3-array@1, d3-array@1.0.2:
  version "1.0.2"
  resolved "http://registry.npm.taobao.org/d3-array/download/d3-array-1.0.2.tgz#174237bf356a852fadd6af87743d928631de7655"

d3-axis@1.0.4:
  version "1.0.4"
  resolved "http://registry.npm.taobao.org/d3-axis/download/d3-axis-1.0.4.tgz#bdfdcf5e859824062e0f17ad920f76236e72512c"

d3-brush@1.0.3:
  version "1.0.3"
  resolved "http://registry.npm.taobao.org/d3-brush/download/d3-brush-1.0.3.tgz#4fa5374cc3b755d0990bf76b71b7a66417751c74"
  dependencies:
    d3-dispatch "1"
    d3-drag "1"
    d3-interpolate "1"
    d3-selection "1"
    d3-transition "1"

d3-chord@1.0.3:
  version "1.0.3"
  resolved "http://registry.npm.taobao.org/d3-chord/download/d3-chord-1.0.3.tgz#a398bae7cb632a3c4ea687a555a6b9ee4609d990"
  dependencies:
    d3-array "1"
    d3-path "1"

d3-collection@1, d3-collection@1.0.2:
  version "1.0.2"
  resolved "http://registry.npm.taobao.org/d3-collection/download/d3-collection-1.0.2.tgz#df5acb5400443e9eabe9c1379896c67e52426b39"

d3-color@1, d3-color@1.0.2:
  version "1.0.2"
  resolved "http://registry.npm.taobao.org/d3-color/download/d3-color-1.0.2.tgz#83cb4b3a9474e40795f009d97e97a15649830bbc"

d3-dispatch@1, d3-dispatch@1.0.2:
  version "1.0.2"
  resolved "http://registry.npm.taobao.org/d3-dispatch/download/d3-dispatch-1.0.2.tgz#5b511e79a46a1f89492841c0a8f656687d5daa0a"

d3-drag@1, d3-drag@1.0.2:
  version "1.0.2"
  resolved "http://registry.npm.taobao.org/d3-drag/download/d3-drag-1.0.2.tgz#d634cc3f7689f99dd03fd7eb1af2945c0f4339ad"
  dependencies:
    d3-dispatch "1"
    d3-selection "1"

d3-dsv@1, d3-dsv@1.0.3:
  version "1.0.3"
  resolved "http://registry.npm.taobao.org/d3-dsv/download/d3-dsv-1.0.3.tgz#049fe43c0f5f60c7ff7d376616bc76d6fc9d378f"
  dependencies:
    commander "2"
    iconv-lite "0.4"
    rw "1"

d3-ease@1, d3-ease@1.0.2:
  version "1.0.2"
  resolved "http://registry.npm.taobao.org/d3-ease/download/d3-ease-1.0.2.tgz#b486f8f3ca308ca7be38197d65622b6e30983377"

d3-force@1.0.4:
  version "1.0.4"
  resolved "http://registry.npm.taobao.org/d3-force/download/d3-force-1.0.4.tgz#f84dcbb3200be41de7bc30fa71923143156758bf"
  dependencies:
    d3-collection "1"
    d3-dispatch "1"
    d3-quadtree "1"
    d3-timer "1"

d3-format@1, d3-format@1.0.2:
  version "1.0.2"
  resolved "http://registry.npm.taobao.org/d3-format/download/d3-format-1.0.2.tgz#138618320b4bbeb43b5c0ff30519079fbbd7375e"

d3-geo@1.4.0:
  version "1.4.0"
  resolved "http://registry.npm.taobao.org/d3-geo/download/d3-geo-1.4.0.tgz#15e58c414b5bafa1a960eeeb29059c94a60d8408"
  dependencies:
    d3-array "1"

d3-hierarchy@1.0.3:
  version "1.0.3"
  resolved "http://registry.npm.taobao.org/d3-hierarchy/download/d3-hierarchy-1.0.3.tgz#986b4925e81f1e0b4087e9442850f950cf27d338"

d3-interpolate@1, d3-interpolate@1.1.2:
  version "1.1.2"
  resolved "http://registry.npm.taobao.org/d3-interpolate/download/d3-interpolate-1.1.2.tgz#b52e6927a04fe1fe2a4cffc139e5389ed3e5e790"
  dependencies:
    d3-color "1"

d3-node@1.0.0:
  version "1.0.0"
  resolved "http://registry.npm.taobao.org/d3-node/download/d3-node-1.0.0.tgz#ff020441ba724d24dc948aec70570ad59b57a1f3"
  dependencies:
    d3 "4.4.0"
    jsdom "9.4.1"

d3-node@^0.2.0:
  version "0.2.0"
  resolved "http://registry.npm.taobao.org/d3-node/download/d3-node-0.2.0.tgz#b8e0564d2832fea2e32b659cdc4da156b3da32d6"
  dependencies:
    d3 v3.5.17
    jsdom "9.4.1"

d3-path@1, d3-path@1.0.3:
  version "1.0.3"
  resolved "http://registry.npm.taobao.org/d3-path/download/d3-path-1.0.3.tgz#60103d0dea9a6cd6ca58de86c6d56724002d3fde"

d3-polygon@1.0.2:
  version "1.0.2"
  resolved "http://registry.npm.taobao.org/d3-polygon/download/d3-polygon-1.0.2.tgz#6552c0fb03aa2d05023351da6e0e8adc4df0202b"

d3-quadtree@1, d3-quadtree@1.0.2:
  version "1.0.2"
  resolved "http://registry.npm.taobao.org/d3-quadtree/download/d3-quadtree-1.0.2.tgz#e7e873af06aaa427eaa4af094cc4cbfb350b9e38"

d3-queue@3.0.3:
  version "3.0.3"
  resolved "http://registry.npm.taobao.org/d3-queue/download/d3-queue-3.0.3.tgz#10ee4dd0574a1affaabfb931d0ba4f117926edc6"

d3-random@1.0.2:
  version "1.0.2"
  resolved "http://registry.npm.taobao.org/d3-random/download/d3-random-1.0.2.tgz#83ff6a391206209c30565299e43c6549866db269"

d3-request@1.0.3:
  version "1.0.3"
  resolved "http://registry.npm.taobao.org/d3-request/download/d3-request-1.0.3.tgz#63fc7dfd784607db0df5d535d7cb898fceba755a"
  dependencies:
    d3-collection "1"
    d3-dispatch "1"
    d3-dsv "1"
    xmlhttprequest "1"

d3-scale@1.0.4:
  version "1.0.4"
  resolved "http://registry.npm.taobao.org/d3-scale/download/d3-scale-1.0.4.tgz#50e28bf6a193b706745528515ed9b3d44205a033"
  dependencies:
    d3-array "1"
    d3-collection "1"
    d3-color "1"
    d3-format "1"
    d3-interpolate "1"
    d3-time "1"
    d3-time-format "2"

d3-selection@1, d3-selection@1.0.3:
  version "1.0.3"
  resolved "http://registry.npm.taobao.org/d3-selection/download/d3-selection-1.0.3.tgz#e63e51416172427854c1bcdfa066eb5fe872c108"

d3-shape@1.0.4:
  version "1.0.4"
  resolved "http://registry.npm.taobao.org/d3-shape/download/d3-shape-1.0.4.tgz#145ee100ccbec42f8e3f1996cd05c786f79fe1c6"
  dependencies:
    d3-path "1"

d3-time-format@2, d3-time-format@2.0.3:
  version "2.0.3"
  resolved "http://registry.npm.taobao.org/d3-time-format/download/d3-time-format-2.0.3.tgz#3241569b74ddc9c42e0689c0e8a903579fd6280a"
  dependencies:
    d3-time "1"

d3-time@1, d3-time@1.0.4:
  version "1.0.4"
  resolved "http://registry.npm.taobao.org/d3-time/download/d3-time-1.0.4.tgz#2ceba09a76b7450c992a1ded4e10fc6195e69649"

d3-timer@1, d3-timer@1.0.3:
  version "1.0.3"
  resolved "http://registry.npm.taobao.org/d3-timer/download/d3-timer-1.0.3.tgz#7a308a10c8524778e6b32d1d6c1c329209ae0ebf"

d3-transition@1, d3-transition@1.0.3:
  version "1.0.3"
  resolved "http://registry.npm.taobao.org/d3-transition/download/d3-transition-1.0.3.tgz#91dc986bddb30973639320a85db72ce4ab1a27bb"
  dependencies:
    d3-color "1"
    d3-dispatch "1"
    d3-ease "1"
    d3-interpolate "1"
    d3-selection "1"
    d3-timer "1"

d3-voronoi@1.1.0:
  version "1.1.0"
  resolved "http://registry.npm.taobao.org/d3-voronoi/download/d3-voronoi-1.1.0.tgz#69ea59563cf1e75d1c6c45edc803c6583768f628"

d3-zoom@1.1.0:
  version "1.1.0"
  resolved "http://registry.npm.taobao.org/d3-zoom/download/d3-zoom-1.1.0.tgz#29869cfd164928dd238aaa4365145741dcf1301f"
  dependencies:
    d3-dispatch "1"
    d3-drag "1"
    d3-interpolate "1"
    d3-selection "1"
    d3-transition "1"

d3@4.4.0:
  version "4.4.0"
  resolved "http://registry.npm.taobao.org/d3/download/d3-4.4.0.tgz#aec4ad0fd574304a909b012fac4783fbbcf9f096"
  dependencies:
    d3-array "1.0.2"
    d3-axis "1.0.4"
    d3-brush "1.0.3"
    d3-chord "1.0.3"
    d3-collection "1.0.2"
    d3-color "1.0.2"
    d3-dispatch "1.0.2"
    d3-drag "1.0.2"
    d3-dsv "1.0.3"
    d3-ease "1.0.2"
    d3-force "1.0.4"
    d3-format "1.0.2"
    d3-geo "1.4.0"
    d3-hierarchy "1.0.3"
    d3-interpolate "1.1.2"
    d3-path "1.0.3"
    d3-polygon "1.0.2"
    d3-quadtree "1.0.2"
    d3-queue "3.0.3"
    d3-random "1.0.2"
    d3-request "1.0.3"
    d3-scale "1.0.4"
    d3-selection "1.0.3"
    d3-shape "1.0.4"
    d3-time "1.0.4"
    d3-time-format "2.0.3"
    d3-timer "1.0.3"
    d3-transition "1.0.3"
    d3-voronoi "1.1.0"
    d3-zoom "1.1.0"

d3@v3.5.17:
  version "3.5.17"
  resolved "http://registry.npm.taobao.org/d3/download/d3-3.5.17.tgz#bc46748004378b21a360c9fc7cf5231790762fb8"

d3node-linechart@^0.0.4:
  version "0.0.4"
  resolved "http://registry.npm.taobao.org/d3node-linechart/download/d3node-linechart-0.0.4.tgz#ecdce09829400878d4ef0bc1612969fb1f316e3d"
  dependencies:
    d3-node "1.0.0"
    d3node-output "0.0.1"

d3node-output@0.0.1:
  version "0.0.1"
  resolved "http://registry.npm.taobao.org/d3node-output/download/d3node-output-0.0.1.tgz#44f239767e4c395c177aaeaabd3fde9a7ee2df95"
  dependencies:
    svg2png "4.1.1"

dashdash@^1.12.0:
  version "1.14.1"
  resolved "http://registry.npm.taobao.org/dashdash/download/dashdash-1.14.1.tgz#853cfa0f7cbe2fed5de20326b8dd581035f6e2f0"
  dependencies:
    assert-plus "^1.0.0"

debug@0.7.4:
  version "0.7.4"
  resolved "http://registry.npm.taobao.org/debug/download/debug-0.7.4.tgz#06e1ea8082c2cb14e39806e22e2f6f757f92af39"

decamelize@^1.1.1:
  version "1.2.0"
  resolved "http://registry.npm.taobao.org/decamelize/download/decamelize-1.2.0.tgz#f6534d15148269b20352e7bee26f501f9a191290"

deep-is@~0.1.3:
  version "0.1.3"
  resolved "http://registry.npm.taobao.org/deep-is/download/deep-is-0.1.3.tgz#b369d6fb5dbc13eecf524f91b070feedc357cf34"

delayed-stream@~1.0.0:
  version "1.0.0"
  resolved "http://registry.npm.taobao.org/delayed-stream/download/delayed-stream-1.0.0.tgz#df3ae199acadfb7d440aaae0b29e2272b24ec619"

ecc-jsbn@~0.1.1:
  version "0.1.1"
  resolved "http://registry.npm.taobao.org/ecc-jsbn/download/ecc-jsbn-0.1.1.tgz#0fc73a9ed5f0d53c38193398523ef7e543777505"
  dependencies:
    jsbn "~0.1.0"

entities@~1.1.1:
  version "1.1.1"
  resolved "http://registry.npm.taobao.org/entities/download/entities-1.1.1.tgz#6e5c2d0a5621b5dadaecef80b90edfb5cd7772f0"

error-ex@^1.2.0:
  version "1.3.1"
  resolved "http://registry.npm.taobao.org/error-ex/download/error-ex-1.3.1.tgz#f855a86ce61adc4e8621c3cda21e7a7612c3a8dc"
  dependencies:
    is-arrayish "^0.2.1"

es6-promise@~4.0.3:
  version "4.0.5"
  resolved "http://registry.npm.taobao.org/es6-promise/download/es6-promise-4.0.5.tgz#7882f30adde5b240ccfa7f7d78c548330951ae42"

escape-string-regexp@^1.0.2:
  version "1.0.5"
  resolved "http://registry.npm.taobao.org/escape-string-regexp/download/escape-string-regexp-1.0.5.tgz#1b61c0562190a8dff6ae3bb2cf0200ca130b86d4"

escodegen@^1.6.1:
  version "1.8.1"
  resolved "http://registry.npm.taobao.org/escodegen/download/escodegen-1.8.1.tgz#5a5b53af4693110bebb0867aa3430dd3b70a1018"
  dependencies:
    esprima "^2.7.1"
    estraverse "^1.9.1"
    esutils "^2.0.2"
    optionator "^0.8.1"
  optionalDependencies:
    source-map "~0.2.0"

esprima@^2.7.1:
  version "2.7.3"
  resolved "http://registry.npm.taobao.org/esprima/download/esprima-2.7.3.tgz#96e3b70d5779f6ad49cd032673d1c312767ba581"

esprima@^3.1.1:
  version "3.1.3"
  resolved "http://registry.npm.taobao.org/esprima/download/esprima-3.1.3.tgz#fdca51cee6133895e3c88d535ce49dbff62a4633"

estraverse@^1.9.1:
  version "1.9.3"
  resolved "http://registry.npm.taobao.org/estraverse/download/estraverse-1.9.3.tgz#af67f2dc922582415950926091a4005d29c9bb44"

esutils@^2.0.2:
  version "2.0.2"
  resolved "http://registry.npm.taobao.org/esutils/download/esutils-2.0.2.tgz#0abf4f1caa5bcb1f7a9d8acc6dea4faaa04bac9b"

extend@~3.0.0:
  version "3.0.0"
  resolved "http://registry.npm.taobao.org/extend/download/extend-3.0.0.tgz#5a474353b9f3353ddd8176dfd37b91c83a46f1d4"

extract-zip@~1.5.0:
  version "1.5.0"
  resolved "http://registry.npm.taobao.org/extract-zip/download/extract-zip-1.5.0.tgz#92ccf6d81ef70a9fa4c1747114ccef6d8688a6c4"
  dependencies:
    concat-stream "1.5.0"
    debug "0.7.4"
    mkdirp "0.5.0"
    yauzl "2.4.1"

extsprintf@1.0.2:
  version "1.0.2"
  resolved "http://registry.npm.taobao.org/extsprintf/download/extsprintf-1.0.2.tgz#e1080e0658e300b06294990cc70e1502235fd550"

fast-levenshtein@~2.0.4:
  version "2.0.6"
  resolved "http://registry.npm.taobao.org/fast-levenshtein/download/fast-levenshtein-2.0.6.tgz#3d8a5c66883a16a30ca8643e851f19baa7797917"

fd-slicer@~1.0.1:
  version "1.0.1"
  resolved "http://registry.npm.taobao.org/fd-slicer/download/fd-slicer-1.0.1.tgz#8b5bcbd9ec327c5041bf9ab023fd6750f1177e65"
  dependencies:
    pend "~1.2.0"

file-url@^2.0.0:
  version "2.0.2"
  resolved "http://registry.npm.taobao.org/file-url/download/file-url-2.0.2.tgz#e951784d79095127d3713029ab063f40818ca2ae"

find-up@^1.0.0:
  version "1.1.2"
  resolved "http://registry.npm.taobao.org/find-up/download/find-up-1.1.2.tgz#6b2e9822b1a2ce0a60ab64d610eccad53cb24d0f"
  dependencies:
    path-exists "^2.0.0"
    pinkie-promise "^2.0.0"

forever-agent@~0.6.1:
  version "0.6.1"
  resolved "http://registry.npm.taobao.org/forever-agent/download/forever-agent-0.6.1.tgz#fbc71f0c41adeb37f96c577ad1ed42d8fdacca91"

form-data@~2.1.1:
  version "2.1.2"
  resolved "http://registry.npm.taobao.org/form-data/download/form-data-2.1.2.tgz#89c3534008b97eada4cbb157d58f6f5df025eae4"
  dependencies:
    asynckit "^0.4.0"
    combined-stream "^1.0.5"
    mime-types "^2.1.12"

fs-extra@~1.0.0:
  version "1.0.0"
  resolved "http://registry.npm.taobao.org/fs-extra/download/fs-extra-1.0.0.tgz#cd3ce5f7e7cb6145883fcae3191e9877f8587950"
  dependencies:
    graceful-fs "^4.1.2"
    jsonfile "^2.1.0"
    klaw "^1.0.0"

generate-function@^2.0.0:
  version "2.0.0"
  resolved "http://registry.npm.taobao.org/generate-function/download/generate-function-2.0.0.tgz#6858fe7c0969b7d4e9093337647ac79f60dfbe74"

generate-object-property@^1.1.0:
  version "1.2.0"
  resolved "http://registry.npm.taobao.org/generate-object-property/download/generate-object-property-1.2.0.tgz#9c0e1c40308ce804f4783618b937fa88f99d50d0"
  dependencies:
    is-property "^1.0.0"

get-caller-file@^1.0.1:
  version "1.0.2"
  resolved "http://registry.npm.taobao.org/get-caller-file/download/get-caller-file-1.0.2.tgz#f702e63127e7e231c160a80c1554acb70d5047e5"

getpass@^0.1.1:
  version "0.1.6"
  resolved "http://registry.npm.taobao.org/getpass/download/getpass-0.1.6.tgz#283ffd9fc1256840875311c1b60e8c40187110e6"
  dependencies:
    assert-plus "^1.0.0"

graceful-fs@^4.1.2, graceful-fs@^4.1.6, graceful-fs@^4.1.9:
  version "4.1.11"
  resolved "http://registry.npm.taobao.org/graceful-fs/download/graceful-fs-4.1.11.tgz#0e8bdfe4d1ddb8854d64e04ea7c00e2a026e5658"

"graceful-readlink@>= 1.0.0":
  version "1.0.1"
  resolved "http://registry.npm.taobao.org/graceful-readlink/download/graceful-readlink-1.0.1.tgz#4cafad76bc62f02fa039b2f94e9a3dd3a391a725"

har-schema@^1.0.5:
  version "1.0.5"
  resolved "http://registry.npm.taobao.org/har-schema/download/har-schema-1.0.5.tgz#d263135f43307c02c602afc8fe95970c0151369e"

har-validator@~2.0.6:
  version "2.0.6"
  resolved "http://registry.npm.taobao.org/har-validator/download/har-validator-2.0.6.tgz#cdcbc08188265ad119b6a5a7c8ab70eecfb5d27d"
  dependencies:
    chalk "^1.1.1"
    commander "^2.9.0"
    is-my-json-valid "^2.12.4"
    pinkie-promise "^2.0.0"

har-validator@~4.2.1:
  version "4.2.1"
  resolved "http://registry.npm.taobao.org/har-validator/download/har-validator-4.2.1.tgz#33481d0f1bbff600dd203d75812a6a5fba002e2a"
  dependencies:
    ajv "^4.9.1"
    har-schema "^1.0.5"

has-ansi@^2.0.0:
  version "2.0.0"
  resolved "http://registry.npm.taobao.org/has-ansi/download/has-ansi-2.0.0.tgz#34f5049ce1ecdf2b0649af3ef24e45ed35416d91"
  dependencies:
    ansi-regex "^2.0.0"

hasha@~2.2.0:
  version "2.2.0"
  resolved "http://registry.npm.taobao.org/hasha/download/hasha-2.2.0.tgz#78d7cbfc1e6d66303fe79837365984517b2f6ee1"
  dependencies:
    is-stream "^1.0.1"
    pinkie-promise "^2.0.0"

hawk@~3.1.3:
  version "3.1.3"
  resolved "http://registry.npm.taobao.org/hawk/download/hawk-3.1.3.tgz#078444bd7c1640b0fe540d2c9b73d59678e8e1c4"
  dependencies:
    boom "2.x.x"
    cryptiles "2.x.x"
    hoek "2.x.x"
    sntp "1.x.x"

hoek@2.x.x:
  version "2.16.3"
  resolved "http://registry.npm.taobao.org/hoek/download/hoek-2.16.3.tgz#20bb7403d3cea398e91dc4710a8ff1b8274a25ed"

hosted-git-info@^2.1.4:
  version "2.2.0"
  resolved "http://registry.npm.taobao.org/hosted-git-info/download/hosted-git-info-2.2.0.tgz#7a0d097863d886c0fabbdcd37bf1758d8becf8a5"

http-signature@~1.1.0:
  version "1.1.1"
  resolved "http://registry.npm.taobao.org/http-signature/download/http-signature-1.1.1.tgz#df72e267066cd0ac67fb76adf8e134a8fbcf91bf"
  dependencies:
    assert-plus "^0.2.0"
    jsprim "^1.2.2"
    sshpk "^1.7.0"

iconv-lite@0.4, iconv-lite@^0.4.13:
  version "0.4.15"
  resolved "http://registry.npm.taobao.org/iconv-lite/download/iconv-lite-0.4.15.tgz#fe265a218ac6a57cfe854927e9d04c19825eddeb"

inherits@~2.0.1:
  version "2.0.3"
  resolved "http://registry.npm.taobao.org/inherits/download/inherits-2.0.3.tgz#633c2c83e3da42a502f52466022480f4208261de"

invert-kv@^1.0.0:
  version "1.0.0"
  resolved "http://registry.npm.taobao.org/invert-kv/download/invert-kv-1.0.0.tgz#104a8e4aaca6d3d8cd157a8ef8bfab2d7a3ffdb6"

is-arrayish@^0.2.1:
  version "0.2.1"
  resolved "http://registry.npm.taobao.org/is-arrayish/download/is-arrayish-0.2.1.tgz#77c99840527aa8ecb1a8ba697b80645a7a926a9d"

is-builtin-module@^1.0.0:
  version "1.0.0"
  resolved "http://registry.npm.taobao.org/is-builtin-module/download/is-builtin-module-1.0.0.tgz#540572d34f7ac3119f8f76c30cbc1b1e037affbe"
  dependencies:
    builtin-modules "^1.0.0"

is-fullwidth-code-point@^1.0.0:
  version "1.0.0"
  resolved "http://registry.npm.taobao.org/is-fullwidth-code-point/download/is-fullwidth-code-point-1.0.0.tgz#ef9e31386f031a7f0d643af82fde50c457ef00cb"
  dependencies:
    number-is-nan "^1.0.0"

is-my-json-valid@^2.12.4:
  version "2.16.0"
  resolved "http://registry.npm.taobao.org/is-my-json-valid/download/is-my-json-valid-2.16.0.tgz#f079dd9bfdae65ee2038aae8acbc86ab109e3693"
  dependencies:
    generate-function "^2.0.0"
    generate-object-property "^1.1.0"
    jsonpointer "^4.0.0"
    xtend "^4.0.0"

is-property@^1.0.0:
  version "1.0.2"
  resolved "http://registry.npm.taobao.org/is-property/download/is-property-1.0.2.tgz#57fe1c4e48474edd65b09911f26b1cd4095dda84"

is-stream@^1.0.1:
  version "1.1.0"
  resolved "http://registry.npm.taobao.org/is-stream/download/is-stream-1.1.0.tgz#12d4a3dd4e68e0b79ceb8dbc84173ae80d91ca44"

is-typedarray@~1.0.0:
  version "1.0.0"
  resolved "http://registry.npm.taobao.org/is-typedarray/download/is-typedarray-1.0.0.tgz#e479c80858df0c1b11ddda6940f96011fcda4a9a"

is-utf8@^0.2.0:
  version "0.2.1"
  resolved "http://registry.npm.taobao.org/is-utf8/download/is-utf8-0.2.1.tgz#4b0da1442104d1b336340e80797e865cf39f7d72"

isarray@~1.0.0:
  version "1.0.0"
  resolved "http://registry.npm.taobao.org/isarray/download/isarray-1.0.0.tgz#bb935d48582cba168c06834957a54a3e07124f11"

isexe@^1.1.1:
  version "1.1.2"
  resolved "http://registry.npm.taobao.org/isexe/download/isexe-1.1.2.tgz#36f3e22e60750920f5e7241a476a8c6a42275ad0"

isstream@~0.1.2:
  version "0.1.2"
  resolved "http://registry.npm.taobao.org/isstream/download/isstream-0.1.2.tgz#47e63f7af55afa6f92e1500e690eb8b8529c099a"

jodid25519@^1.0.0:
  version "1.0.2"
  resolved "http://registry.npm.taobao.org/jodid25519/download/jodid25519-1.0.2.tgz#06d4912255093419477d425633606e0e90782967"
  dependencies:
    jsbn "~0.1.0"

js-yaml@^3.8.2:
  version "3.8.2"
  resolved "http://registry.npm.taobao.org/js-yaml/download/js-yaml-3.8.2.tgz#02d3e2c0f6beab20248d412c352203827d786721"
  dependencies:
    argparse "^1.0.7"
    esprima "^3.1.1"

jsbn@~0.1.0:
  version "0.1.1"
  resolved "http://registry.npm.taobao.org/jsbn/download/jsbn-0.1.1.tgz#a5e654c2e5a2deb5f201d96cefbca80c0ef2f513"

jsdom@9.4.1:
  version "9.4.1"
  resolved "http://registry.npm.taobao.org/jsdom/download/jsdom-9.4.1.tgz#b322c91872584beb214276ad35f6b475bacf1238"
  dependencies:
    abab "^1.0.0"
    acorn "^2.4.0"
    acorn-globals "^1.0.4"
    array-equal "^1.0.0"
    cssom ">= 0.3.0 < 0.4.0"
    cssstyle ">= 0.2.36 < 0.3.0"
    escodegen "^1.6.1"
    iconv-lite "^0.4.13"
    nwmatcher ">= 1.3.7 < 2.0.0"
    parse5 "^1.5.1"
    request "^2.55.0"
    sax "^1.1.4"
    symbol-tree ">= 3.1.0 < 4.0.0"
    tough-cookie "^2.2.0"
    webidl-conversions "^3.0.1"
    whatwg-url "^3.0.0"
    xml-name-validator ">= 2.0.1 < 3.0.0"

json-schema@0.2.3:
  version "0.2.3"
  resolved "http://registry.npm.taobao.org/json-schema/download/json-schema-0.2.3.tgz#b480c892e59a2f05954ce727bd3f2a4e882f9e13"

json-stable-stringify@^1.0.1:
  version "1.0.1"
  resolved "http://registry.npm.taobao.org/json-stable-stringify/download/json-stable-stringify-1.0.1.tgz#9a759d39c5f2ff503fd5300646ed445f88c4f9af"
  dependencies:
    jsonify "~0.0.0"

json-stringify-safe@~5.0.1:
  version "5.0.1"
  resolved "http://registry.npm.taobao.org/json-stringify-safe/download/json-stringify-safe-5.0.1.tgz#1296a2d58fd45f19a0f6ce01d65701e2c735b6eb"

jsonfile@^2.1.0:
  version "2.4.0"
  resolved "http://registry.npm.taobao.org/jsonfile/download/jsonfile-2.4.0.tgz#3736a2b428b87bbda0cc83b53fa3d633a35c2ae8"
  optionalDependencies:
    graceful-fs "^4.1.6"

jsonify@~0.0.0:
  version "0.0.0"
  resolved "http://registry.npm.taobao.org/jsonify/download/jsonify-0.0.0.tgz#2c74b6ee41d93ca51b7b5aaee8f503631d252a73"

jsonpointer@^4.0.0:
  version "4.0.1"
  resolved "http://registry.npm.taobao.org/jsonpointer/download/jsonpointer-4.0.1.tgz#4fd92cb34e0e9db3c89c8622ecf51f9b978c6cb9"

jsprim@^1.2.2:
  version "1.3.1"
  resolved "http://registry.npm.taobao.org/jsprim/download/jsprim-1.3.1.tgz#2a7256f70412a29ee3670aaca625994c4dcff252"
  dependencies:
    extsprintf "1.0.2"
    json-schema "0.2.3"
    verror "1.3.6"

kew@~0.7.0:
  version "0.7.0"
  resolved "http://registry.npm.taobao.org/kew/download/kew-0.7.0.tgz#79d93d2d33363d6fdd2970b335d9141ad591d79b"

klaw@^1.0.0:
  version "1.3.1"
  resolved "http://registry.npm.taobao.org/klaw/download/klaw-1.3.1.tgz#4088433b46b3b1ba259d78785d8e96f73ba02439"
  optionalDependencies:
    graceful-fs "^4.1.9"

lcid@^1.0.0:
  version "1.0.0"
  resolved "http://registry.npm.taobao.org/lcid/download/lcid-1.0.0.tgz#308accafa0bc483a3867b4b6f2b9506251d1b835"
  dependencies:
    invert-kv "^1.0.0"

levn@~0.3.0:
  version "0.3.0"
  resolved "http://registry.npm.taobao.org/levn/download/levn-0.3.0.tgz#3b09924edf9f083c0490fdd4c0bc4421e04764ee"
  dependencies:
    prelude-ls "~1.1.2"
    type-check "~0.3.2"

linkify-it@^2.0.0:
  version "2.0.3"
  resolved "http://registry.npm.taobao.org/linkify-it/download/linkify-it-2.0.3.tgz#d94a4648f9b1c179d64fa97291268bdb6ce9434f"
  dependencies:
    uc.micro "^1.0.1"

load-json-file@^1.0.0:
  version "1.1.0"
  resolved "http://registry.npm.taobao.org/load-json-file/download/load-json-file-1.1.0.tgz#956905708d58b4bab4c2261b04f59f31c99374c0"
  dependencies:
    graceful-fs "^4.1.2"
    parse-json "^2.2.0"
    pify "^2.0.0"
    pinkie-promise "^2.0.0"
    strip-bom "^2.0.0"

markdown-it-fence@^0.0.1:
  version "0.0.1"
  resolved "http://registry.npm.taobao.org/markdown-it-fence/download/markdown-it-fence-0.0.1.tgz#2449d26e9f33fc97962bfd50307940314ffae8e4"

markdown-it@^8.2.2:
  version "8.2.2"
  resolved "http://registry.npm.taobao.org/markdown-it/download/markdown-it-8.2.2.tgz#e39593d976f9c4b7ee7f338a3a1e9e10c3db4e36"
  dependencies:
    argparse "^1.0.7"
    entities "~1.1.1"
    linkify-it "^2.0.0"
    mdurl "^1.0.1"
    uc.micro "^1.0.3"

mdurl@^1.0.1:
  version "1.0.1"
  resolved "http://registry.npm.taobao.org/mdurl/download/mdurl-1.0.1.tgz#fe85b2ec75a59037f2adfec100fd6c601761152e"

mime-db@~1.26.0:
  version "1.26.0"
  resolved "http://registry.npm.taobao.org/mime-db/download/mime-db-1.26.0.tgz#eaffcd0e4fc6935cf8134da246e2e6c35305adff"

mime-types@^2.1.12, mime-types@~2.1.7:
  version "2.1.14"
  resolved "http://registry.npm.taobao.org/mime-types/download/mime-types-2.1.14.tgz#f7ef7d97583fcaf3b7d282b6f8b5679dab1e94ee"
  dependencies:
    mime-db "~1.26.0"

minimist@0.0.8:
  version "0.0.8"
  resolved "http://registry.npm.taobao.org/minimist/download/minimist-0.0.8.tgz#857fcabfc3397d2625b8228262e86aa7a011b05d"

mkdirp@0.5.0:
  version "0.5.0"
  resolved "http://registry.npm.taobao.org/mkdirp/download/mkdirp-0.5.0.tgz#1d73076a6df986cd9344e15e71fcc05a4c9abf12"
  dependencies:
    minimist "0.0.8"

normalize-package-data@^2.3.2:
  version "2.3.6"
  resolved "http://registry.npm.taobao.org/normalize-package-data/download/normalize-package-data-2.3.6.tgz#498fa420c96401f787402ba21e600def9f981fff"
  dependencies:
    hosted-git-info "^2.1.4"
    is-builtin-module "^1.0.0"
    semver "2 || 3 || 4 || 5"
    validate-npm-package-license "^3.0.1"

number-is-nan@^1.0.0:
  version "1.0.1"
  resolved "http://registry.npm.taobao.org/number-is-nan/download/number-is-nan-1.0.1.tgz#097b602b53422a522c1afb8790318336941a011d"

"nwmatcher@>= 1.3.7 < 2.0.0":
  version "1.3.9"
  resolved "http://registry.npm.taobao.org/nwmatcher/download/nwmatcher-1.3.9.tgz#8bab486ff7fa3dfd086656bbe8b17116d3692d2a"

oauth-sign@~0.8.1:
  version "0.8.2"
  resolved "http://registry.npm.taobao.org/oauth-sign/download/oauth-sign-0.8.2.tgz#46a6ab7f0aead8deae9ec0565780b7d4efeb9d43"

optionator@^0.8.1:
  version "0.8.2"
  resolved "http://registry.npm.taobao.org/optionator/download/optionator-0.8.2.tgz#364c5e409d3f4d6301d6c0b4c05bba50180aeb64"
  dependencies:
    deep-is "~0.1.3"
    fast-levenshtein "~2.0.4"
    levn "~0.3.0"
    prelude-ls "~1.1.2"
    type-check "~0.3.2"
    wordwrap "~1.0.0"

os-locale@^1.4.0:
  version "1.4.0"
  resolved "http://registry.npm.taobao.org/os-locale/download/os-locale-1.4.0.tgz#20f9f17ae29ed345e8bde583b13d2009803c14d9"
  dependencies:
    lcid "^1.0.0"

parse-json@^2.2.0:
  version "2.2.0"
  resolved "http://registry.npm.taobao.org/parse-json/download/parse-json-2.2.0.tgz#f480f40434ef80741f8469099f8dea18f55a4dc9"
  dependencies:
    error-ex "^1.2.0"

parse5@^1.5.1:
  version "1.5.1"
  resolved "http://registry.npm.taobao.org/parse5/download/parse5-1.5.1.tgz#9b7f3b0de32be78dc2401b17573ccaf0f6f59d94"

path-exists@^2.0.0:
  version "2.1.0"
  resolved "http://registry.npm.taobao.org/path-exists/download/path-exists-2.1.0.tgz#0feb6c64f0fc518d9a754dd5efb62c7022761f4b"
  dependencies:
    pinkie-promise "^2.0.0"

path-type@^1.0.0:
  version "1.1.0"
  resolved "http://registry.npm.taobao.org/path-type/download/path-type-1.1.0.tgz#59c44f7ee491da704da415da5a4070ba4f8fe441"
  dependencies:
    graceful-fs "^4.1.2"
    pify "^2.0.0"
    pinkie-promise "^2.0.0"

pend@~1.2.0:
  version "1.2.0"
  resolved "http://registry.npm.taobao.org/pend/download/pend-1.2.0.tgz#7a57eb550a6783f9115331fcf4663d5c8e007a50"

performance-now@^0.2.0:
  version "0.2.0"
  resolved "http://registry.npm.taobao.org/performance-now/download/performance-now-0.2.0.tgz#33ef30c5c77d4ea21c5a53869d91b56d8f2555e5"

phantomjs-prebuilt@^2.1.14:
  version "2.1.14"
  resolved "http://registry.npm.taobao.org/phantomjs-prebuilt/download/phantomjs-prebuilt-2.1.14.tgz#d53d311fcfb7d1d08ddb24014558f1188c516da0"
  dependencies:
    es6-promise "~4.0.3"
    extract-zip "~1.5.0"
    fs-extra "~1.0.0"
    hasha "~2.2.0"
    kew "~0.7.0"
    progress "~1.1.8"
    request "~2.79.0"
    request-progress "~2.0.1"
    which "~1.2.10"

pify@^2.0.0:
  version "2.3.0"
  resolved "http://registry.npm.taobao.org/pify/download/pify-2.3.0.tgz#ed141a6ac043a849ea588498e7dca8b15330e90c"

pinkie-promise@^2.0.0:
  version "2.0.1"
  resolved "http://registry.npm.taobao.org/pinkie-promise/download/pinkie-promise-2.0.1.tgz#2135d6dfa7a358c069ac9b178776288228450ffa"
  dependencies:
    pinkie "^2.0.0"

pinkie@^2.0.0:
  version "2.0.4"
  resolved "http://registry.npm.taobao.org/pinkie/download/pinkie-2.0.4.tgz#72556b80cfa0d48a974e80e77248e80ed4f7f870"

pn@^1.0.0:
  version "1.0.0"
  resolved "http://registry.npm.taobao.org/pn/download/pn-1.0.0.tgz#1cf5a30b0d806cd18f88fc41a6b5d4ad615b3ba9"

prelude-ls@~1.1.2:
  version "1.1.2"
  resolved "http://registry.npm.taobao.org/prelude-ls/download/prelude-ls-1.1.2.tgz#21932a549f5e52ffd9a827f570e04be62a97da54"

process-nextick-args@~1.0.6:
  version "1.0.7"
  resolved "http://registry.npm.taobao.org/process-nextick-args/download/process-nextick-args-1.0.7.tgz#150e20b756590ad3f91093f25a4f2ad8bff30ba3"

progress@~1.1.8:
  version "1.1.8"
  resolved "http://registry.npm.taobao.org/progress/download/progress-1.1.8.tgz#e260c78f6161cdd9b0e56cc3e0a85de17c7a57be"

punycode@^1.4.1:
  version "1.4.1"
  resolved "http://registry.npm.taobao.org/punycode/download/punycode-1.4.1.tgz#c0d5a63b2718800ad8e1eb0fa5269c84dd41845e"

qs@~6.3.0:
  version "6.3.2"
  resolved "http://registry.npm.taobao.org/qs/download/qs-6.3.2.tgz#e75bd5f6e268122a2a0e0bda630b2550c166502c"

qs@~6.4.0:
  version "6.4.0"
  resolved "http://registry.npm.taobao.org/qs/download/qs-6.4.0.tgz#13e26d28ad6b0ffaa91312cd3bf708ed351e7233"

read-pkg-up@^1.0.1:
  version "1.0.1"
  resolved "http://registry.npm.taobao.org/read-pkg-up/download/read-pkg-up-1.0.1.tgz#9d63c13276c065918d57f002a57f40a1b643fb02"
  dependencies:
    find-up "^1.0.0"
    read-pkg "^1.0.0"

read-pkg@^1.0.0:
  version "1.1.0"
  resolved "http://registry.npm.taobao.org/read-pkg/download/read-pkg-1.1.0.tgz#f5ffaa5ecd29cb31c0474bca7d756b6bb29e3f28"
  dependencies:
    load-json-file "^1.0.0"
    normalize-package-data "^2.3.2"
    path-type "^1.0.0"

readable-stream@~2.0.0:
  version "2.0.6"
  resolved "http://registry.npm.taobao.org/readable-stream/download/readable-stream-2.0.6.tgz#8f90341e68a53ccc928788dacfcd11b36eb9b78e"
  dependencies:
    core-util-is "~1.0.0"
    inherits "~2.0.1"
    isarray "~1.0.0"
    process-nextick-args "~1.0.6"
    string_decoder "~0.10.x"
    util-deprecate "~1.0.1"

request-progress@~2.0.1:
  version "2.0.1"
  resolved "http://registry.npm.taobao.org/request-progress/download/request-progress-2.0.1.tgz#5d36bb57961c673aa5b788dbc8141fdf23b44e08"
  dependencies:
    throttleit "^1.0.0"

request@^2.55.0:
  version "2.81.0"
  resolved "http://registry.npm.taobao.org/request/download/request-2.81.0.tgz#c6928946a0e06c5f8d6f8a9333469ffda46298a0"
  dependencies:
    aws-sign2 "~0.6.0"
    aws4 "^1.2.1"
    caseless "~0.12.0"
    combined-stream "~1.0.5"
    extend "~3.0.0"
    forever-agent "~0.6.1"
    form-data "~2.1.1"
    har-validator "~4.2.1"
    hawk "~3.1.3"
    http-signature "~1.1.0"
    is-typedarray "~1.0.0"
    isstream "~0.1.2"
    json-stringify-safe "~5.0.1"
    mime-types "~2.1.7"
    oauth-sign "~0.8.1"
    performance-now "^0.2.0"
    qs "~6.4.0"
    safe-buffer "^5.0.1"
    stringstream "~0.0.4"
    tough-cookie "~2.3.0"
    tunnel-agent "^0.6.0"
    uuid "^3.0.0"

request@~2.79.0:
  version "2.79.0"
  resolved "http://registry.npm.taobao.org/request/download/request-2.79.0.tgz#4dfe5bf6be8b8cdc37fcf93e04b65577722710de"
  dependencies:
    aws-sign2 "~0.6.0"
    aws4 "^1.2.1"
    caseless "~0.11.0"
    combined-stream "~1.0.5"
    extend "~3.0.0"
    forever-agent "~0.6.1"
    form-data "~2.1.1"
    har-validator "~2.0.6"
    hawk "~3.1.3"
    http-signature "~1.1.0"
    is-typedarray "~1.0.0"
    isstream "~0.1.2"
    json-stringify-safe "~5.0.1"
    mime-types "~2.1.7"
    oauth-sign "~0.8.1"
    qs "~6.3.0"
    stringstream "~0.0.4"
    tough-cookie "~2.3.0"
    tunnel-agent "~0.4.1"
    uuid "^3.0.0"

require-directory@^2.1.1:
  version "2.1.1"
  resolved "http://registry.npm.taobao.org/require-directory/download/require-directory-2.1.1.tgz#8c64ad5fd30dab1c976e2344ffe7f792a6a6df42"

require-main-filename@^1.0.1:
  version "1.0.1"
  resolved "http://registry.npm.taobao.org/require-main-filename/download/require-main-filename-1.0.1.tgz#97f717b69d48784f5f526a6c5aa8ffdda055a4d1"

rw@1:
  version "1.3.3"
  resolved "http://registry.npm.taobao.org/rw/download/rw-1.3.3.tgz#3f862dfa91ab766b14885ef4d01124bfda074fb4"

safe-buffer@^5.0.1:
  version "5.0.1"
  resolved "http://registry.npm.taobao.org/safe-buffer/download/safe-buffer-5.0.1.tgz#d263ca54696cd8a306b5ca6551e92de57918fbe7"

sax@^1.1.4:
  version "1.2.2"
  resolved "http://registry.npm.taobao.org/sax/download/sax-1.2.2.tgz#fd8631a23bc7826bef5d871bdb87378c95647828"

"semver@2 || 3 || 4 || 5":
  version "5.3.0"
  resolved "http://registry.npm.taobao.org/semver/download/semver-5.3.0.tgz#9b2ce5d3de02d17c6012ad326aa6b4d0cf54f94f"

set-blocking@^2.0.0:
  version "2.0.0"
  resolved "http://registry.npm.taobao.org/set-blocking/download/set-blocking-2.0.0.tgz#045f9782d011ae9a6803ddd382b24392b3d890f7"

sntp@1.x.x:
  version "1.0.9"
  resolved "http://registry.npm.taobao.org/sntp/download/sntp-1.0.9.tgz#6541184cc90aeea6c6e7b35e2659082443c66198"
  dependencies:
    hoek "2.x.x"

source-map@~0.2.0:
  version "0.2.0"
  resolved "http://registry.npm.taobao.org/source-map/download/source-map-0.2.0.tgz#dab73fbcfc2ba819b4de03bd6f6eaa48164b3f9d"
  dependencies:
    amdefine ">=0.0.4"

spdx-correct@~1.0.0:
  version "1.0.2"
  resolved "http://registry.npm.taobao.org/spdx-correct/download/spdx-correct-1.0.2.tgz#4b3073d933ff51f3912f03ac5519498a4150db40"
  dependencies:
    spdx-license-ids "^1.0.2"

spdx-expression-parse@~1.0.0:
  version "1.0.4"
  resolved "http://registry.npm.taobao.org/spdx-expression-parse/download/spdx-expression-parse-1.0.4.tgz#9bdf2f20e1f40ed447fbe273266191fced51626c"

spdx-license-ids@^1.0.2:
  version "1.2.2"
  resolved "http://registry.npm.taobao.org/spdx-license-ids/download/spdx-license-ids-1.2.2.tgz#c9df7a3424594ade6bd11900d596696dc06bac57"

sprintf-js@~1.0.2:
  version "1.0.3"
  resolved "http://registry.npm.taobao.org/sprintf-js/download/sprintf-js-1.0.3.tgz#04e6926f662895354f3dd015203633b857297e2c"

sshpk@^1.7.0:
  version "1.11.0"
  resolved "http://registry.npm.taobao.org/sshpk/download/sshpk-1.11.0.tgz#2d8d5ebb4a6fab28ffba37fa62a90f4a3ea59d77"
  dependencies:
    asn1 "~0.2.3"
    assert-plus "^1.0.0"
    dashdash "^1.12.0"
    getpass "^0.1.1"
  optionalDependencies:
    bcrypt-pbkdf "^1.0.0"
    ecc-jsbn "~0.1.1"
    jodid25519 "^1.0.0"
    jsbn "~0.1.0"
    tweetnacl "~0.14.0"

string-width@^1.0.1, string-width@^1.0.2:
  version "1.0.2"
  resolved "http://registry.npm.taobao.org/string-width/download/string-width-1.0.2.tgz#118bdf5b8cdc51a2a7e70d211e07e2b0b9b107d3"
  dependencies:
    code-point-at "^1.0.0"
    is-fullwidth-code-point "^1.0.0"
    strip-ansi "^3.0.0"

string_decoder@~0.10.x:
  version "0.10.31"
  resolved "http://registry.npm.taobao.org/string_decoder/download/string_decoder-0.10.31.tgz#62e203bc41766c6c28c9fc84301dab1c5310fa94"

stringstream@~0.0.4:
  version "0.0.5"
  resolved "http://registry.npm.taobao.org/stringstream/download/stringstream-0.0.5.tgz#4e484cd4de5a0bbbee18e46307710a8a81621878"

strip-ansi@^3.0.0, strip-ansi@^3.0.1:
  version "3.0.1"
  resolved "http://registry.npm.taobao.org/strip-ansi/download/strip-ansi-3.0.1.tgz#6a385fb8853d952d5ff05d0e8aaf94278dc63dcf"
  dependencies:
    ansi-regex "^2.0.0"

strip-bom@^2.0.0:
  version "2.0.0"
  resolved "http://registry.npm.taobao.org/strip-bom/download/strip-bom-2.0.0.tgz#6219a85616520491f35788bdbf1447a99c7e6b0e"
  dependencies:
    is-utf8 "^0.2.0"

supports-color@^2.0.0:
  version "2.0.0"
  resolved "http://registry.npm.taobao.org/supports-color/download/supports-color-2.0.0.tgz#535d045ce6b6363fa40117084629995e9df324c7"

svg2png@4.1.1:
  version "4.1.1"
  resolved "http://registry.npm.taobao.org/svg2png/download/svg2png-4.1.1.tgz#6b9e0398aa418778b6436e127a2fb7f00d499c28"
  dependencies:
    file-url "^2.0.0"
    phantomjs-prebuilt "^2.1.14"
    pn "^1.0.0"
    yargs "^6.5.0"

"symbol-tree@>= 3.1.0 < 4.0.0":
  version "3.2.2"
  resolved "http://registry.npm.taobao.org/symbol-tree/download/symbol-tree-3.2.2.tgz#ae27db38f660a7ae2e1c3b7d1bc290819b8519e6"

throttleit@^1.0.0:
  version "1.0.0"
  resolved "http://registry.npm.taobao.org/throttleit/download/throttleit-1.0.0.tgz#9e785836daf46743145a5984b6268d828528ac6c"

tough-cookie@^2.2.0, tough-cookie@~2.3.0:
  version "2.3.2"
  resolved "http://registry.npm.taobao.org/tough-cookie/download/tough-cookie-2.3.2.tgz#f081f76e4c85720e6c37a5faced737150d84072a"
  dependencies:
    punycode "^1.4.1"

tr46@~0.0.3:
  version "0.0.3"
  resolved "http://registry.npm.taobao.org/tr46/download/tr46-0.0.3.tgz#8184fd347dac9cdc185992f3a6622e14b9d9ab6a"

tunnel-agent@^0.6.0:
  version "0.6.0"
  resolved "http://registry.npm.taobao.org/tunnel-agent/download/tunnel-agent-0.6.0.tgz#27a5dea06b36b04a0a9966774b290868f0fc40fd"
  dependencies:
    safe-buffer "^5.0.1"

tunnel-agent@~0.4.1:
  version "0.4.3"
  resolved "http://registry.npm.taobao.org/tunnel-agent/download/tunnel-agent-0.4.3.tgz#6373db76909fe570e08d73583365ed828a74eeeb"

tweetnacl@^0.14.3, tweetnacl@~0.14.0:
  version "0.14.5"
  resolved "http://registry.npm.taobao.org/tweetnacl/download/tweetnacl-0.14.5.tgz#5ae68177f192d4456269d108afa93ff8743f4f64"

type-check@~0.3.2:
  version "0.3.2"
  resolved "http://registry.npm.taobao.org/type-check/download/type-check-0.3.2.tgz#5884cab512cf1d355e3fb784f30804b2b520db72"
  dependencies:
    prelude-ls "~1.1.2"

typedarray@~0.0.5:
  version "0.0.6"
  resolved "http://registry.npm.taobao.org/typedarray/download/typedarray-0.0.6.tgz#867ac74e3864187b1d3d47d996a78ec5c8830777"

uc.micro@^1.0.1, uc.micro@^1.0.3:
  version "1.0.3"
  resolved "http://registry.npm.taobao.org/uc.micro/download/uc.micro-1.0.3.tgz#7ed50d5e0f9a9fb0a573379259f2a77458d50192"

util-deprecate@~1.0.1:
  version "1.0.2"
  resolved "http://registry.npm.taobao.org/util-deprecate/download/util-deprecate-1.0.2.tgz#450d4dc9fa70de732762fbd2d4a28981419a0ccf"

uuid@^3.0.0:
  version "3.0.1"
  resolved "http://registry.npm.taobao.org/uuid/download/uuid-3.0.1.tgz#6544bba2dfda8c1cf17e629a3a305e2bb1fee6c1"

validate-npm-package-license@^3.0.1:
  version "3.0.1"
  resolved "http://registry.npm.taobao.org/validate-npm-package-license/download/validate-npm-package-license-3.0.1.tgz#2804babe712ad3379459acfbe24746ab2c303fbc"
  dependencies:
    spdx-correct "~1.0.0"
    spdx-expression-parse "~1.0.0"

verror@1.3.6:
  version "1.3.6"
  resolved "http://registry.npm.taobao.org/verror/download/verror-1.3.6.tgz#cff5df12946d297d2baaefaa2689e25be01c005c"
  dependencies:
    extsprintf "1.0.2"

webidl-conversions@^3.0.0, webidl-conversions@^3.0.1:
  version "3.0.1"
  resolved "http://registry.npm.taobao.org/webidl-conversions/download/webidl-conversions-3.0.1.tgz#24534275e2a7bc6be7bc86611cc16ae0a5654871"

whatwg-url@^3.0.0:
  version "3.1.0"
  resolved "http://registry.npm.taobao.org/whatwg-url/download/whatwg-url-3.1.0.tgz#7bdcae490f921aef6451fb6739ec6bbd8e907bf6"
  dependencies:
    tr46 "~0.0.3"
    webidl-conversions "^3.0.0"

which-module@^1.0.0:
  version "1.0.0"
  resolved "http://registry.npm.taobao.org/which-module/download/which-module-1.0.0.tgz#bba63ca861948994ff307736089e3b96026c2a4f"

which@~1.2.10:
  version "1.2.12"
  resolved "http://registry.npm.taobao.org/which/download/which-1.2.12.tgz#de67b5e450269f194909ef23ece4ebe416fa1192"
  dependencies:
    isexe "^1.1.1"

wordwrap@~1.0.0:
  version "1.0.0"
  resolved "http://registry.npm.taobao.org/wordwrap/download/wordwrap-1.0.0.tgz#27584810891456a4171c8d0226441ade90cbcaeb"

wrap-ansi@^2.0.0:
  version "2.1.0"
  resolved "http://registry.npm.taobao.org/wrap-ansi/download/wrap-ansi-2.1.0.tgz#d8fc3d284dd05794fe84973caecdd1cf824fdd85"
  dependencies:
    string-width "^1.0.1"
    strip-ansi "^3.0.1"

"xml-name-validator@>= 2.0.1 < 3.0.0":
  version "2.0.1"
  resolved "http://registry.npm.taobao.org/xml-name-validator/download/xml-name-validator-2.0.1.tgz#4d8b8f1eccd3419aa362061becef515e1e559635"

xmlhttprequest@1:
  version "1.8.0"
  resolved "http://registry.npm.taobao.org/xmlhttprequest/download/xmlhttprequest-1.8.0.tgz#67fe075c5c24fef39f9d65f5f7b7fe75171968fc"

xtend@^4.0.0:
  version "4.0.1"
  resolved "http://registry.npm.taobao.org/xtend/download/xtend-4.0.1.tgz#a5c6d532be656e23db820efb943a1f04998d63af"

y18n@^3.2.1:
  version "3.2.1"
  resolved "http://registry.npm.taobao.org/y18n/download/y18n-3.2.1.tgz#6d15fba884c08679c0d77e88e7759e811e07fa41"

yargs-parser@^4.2.0:
  version "4.2.1"
  resolved "http://registry.npm.taobao.org/yargs-parser/download/yargs-parser-4.2.1.tgz#29cceac0dc4f03c6c87b4a9f217dd18c9f74871c"
  dependencies:
    camelcase "^3.0.0"

yargs@^6.5.0:
  version "6.6.0"
  resolved "http://registry.npm.taobao.org/yargs/download/yargs-6.6.0.tgz#782ec21ef403345f830a808ca3d513af56065208"
  dependencies:
    camelcase "^3.0.0"
    cliui "^3.2.0"
    decamelize "^1.1.1"
    get-caller-file "^1.0.1"
    os-locale "^1.4.0"
    read-pkg-up "^1.0.1"
    require-directory "^2.1.1"
    require-main-filename "^1.0.1"
    set-blocking "^2.0.0"
    string-width "^1.0.2"
    which-module "^1.0.0"
    y18n "^3.2.1"
    yargs-parser "^4.2.0"

yauzl@2.4.1:
  version "2.4.1"
  resolved "http://registry.npm.taobao.org/yauzl/download/yauzl-2.4.1.tgz#9528f442dab1b2284e58b4379bb194e22e0c4005"
  dependencies:
    fd-slicer "~1.0.1"
